
Microsoft Visual Studio Solution File, Format Version 12.00
# Visual Studio 15
VisualStudioVersion = 15.0.26228.4
MinimumVisualStudioVersion = 10.0.40219.1
Project("{CC5FD16D-436D-48AD-A40C-5A424C6E3E79}") = "InfinitespaceStudios.PipelineService", "InfinitespaceStudios.PipelineService\InfinitespaceStudios.PipelineService.ccproj", "{6994E129-9F6A-4B1B-82EE-B89AADE01146}"
EndProject
Project("{FAE04EC0-301F-11D3-BF4B-00C04F79EFBC}") = "PipelineRole", "PipelineRole\PipelineRole.csproj", "{A742D043-6101-4DDE-8B24-7B5DB5E3DC82}"
EndProject
Global
	GlobalSection(SolutionConfigurationPlatforms) = preSolution
		Debug|Any CPU = Debug|Any CPU
		Release|Any CPU = Release|Any CPU
	EndGlobalSection
	GlobalSection(ProjectConfigurationPlatforms) = postSolution
		{6994E129-9F6A-4B1B-82EE-B89AADE01146}.Debug|Any CPU.ActiveCfg = Debug|Any CPU
		{6994E129-9F6A-4B1B-82EE-B89AADE01146}.Debug|Any CPU.Build.0 = Debug|Any CPU
		{6994E129-9F6A-4B1B-82EE-B89AADE01146}.Release|Any CPU.ActiveCfg = Release|Any CPU
		{6994E129-9F6A-4B1B-82EE-B89AADE01146}.Release|Any CPU.Build.0 = Release|Any CPU
		{A742D043-6101-4DDE-8B24-7B5DB5E3DC82}.Debug|Any CPU.ActiveCfg = Debug|Any CPU
		{A742D043-6101-4DDE-8B24-7B5DB5E3DC82}.Debug|Any CPU.Build.0 = Debug|Any CPU
		{A742D043-6101-4DDE-8B24-7B5DB5E3DC82}.Release|Any CPU.ActiveCfg = Release|Any CPU
		{A742D043-6101-4DDE-8B24-7B5DB5E3DC82}.Release|Any CPU.Build.0 = Release|Any CPU
	EndGlobalSection
	GlobalSection(SolutionProperties) = preSolution
		HideSolutionNode = FALSE
	EndGlobalSection
EndGlobal
